[[package]]
name = "sendmail"
version = "2.0"
description = "Send a message by invoking '/usr/sbin/sendmail' program"
category = "main"
optional = false
python-versions = "*"

[metadata]
lock-version = "1.1"
python-versions = "^3.8"
content-hash = "e8bb978606e83fac40ae6ffe50f9eb09af44551e19b6319a42f445af5289c2bf"

[metadata.files]
sendmail = [
    {file = "sendmail-2.0.tar.gz", hash = "sha256:ddb34c0ca3c84534d482aa8179a168d00945ccfc6ec3c0827f4894c83edebdfa"},
]
